
Microsoft Visual Studio Solution File, Format Version 12.00
# Visual Studio Version 17
VisualStudioVersion = 17.8.34408.163
MinimumVisualStudioVersion = 10.0.40219.1
Project("{FAE04EC0-301F-11D3-BF4B-00C04F79EFBC}") = "vinfo", "vinfo.csproj", "{F2FEABBD-3142-47D8-8317-2465F2D903B0}"
EndProject
Global
	GlobalSection(SolutionConfigurationPlatforms) = preSolution
		Debug|Any CPU = Debug|Any CPU
		Release|Any CPU = Release|Any CPU
	EndGlobalSection
	GlobalSection(ProjectConfigurationPlatforms) = postSolution
		{F2FEABBD-3142-47D8-8317-2465F2D903B0}.Debug|Any CPU.ActiveCfg = Debug|Any CPU
		{F2FEABBD-3142-47D8-8317-2465F2D903B0}.Debug|Any CPU.Build.0 = Debug|Any CPU
		{F2FEABBD-3142-47D8-8317-2465F2D903B0}.Release|Any CPU.ActiveCfg = Release|Any CPU
		{F2FEABBD-3142-47D8-8317-2465F2D903B0}.Release|Any CPU.Build.0 = Release|Any CPU
	EndGlobalSection
	GlobalSection(SolutionProperties) = preSolution
		HideSolutionNode = FALSE
	EndGlobalSection
	GlobalSection(ExtensibilityGlobals) = postSolution
		SolutionGuid = {FD459822-E1A8-4F3B-B32C-03C3210EC546}
	EndGlobalSection
EndGlobal
